
Microsoft Visual Studio Solution File, Format Version 12.00
# Visual Studio Version 16
VisualStudioVersion = 16.0.31313.79
MinimumVisualStudioVersion = 10.0.40219.1
Project("{FAE04EC0-301F-11D3-BF4B-00C04F79EFBC}") = "Broadcaster", "Broadcaster\Broadcaster.csproj", "{625C7F78-1241-4D2B-9E01-3C41A96D5869}"
EndProject
Project("{FAE04EC0-301F-11D3-BF4B-00C04F79EFBC}") = "Subscriber", "Subscriber\Subscriber.csproj", "{AA636F7B-DCBD-4901-A5F8-3D38D0EA6E1C}"
EndProject
Project("{FAE04EC0-301F-11D3-BF4B-00C04F79EFBC}") = "Shared", "Shared\Shared.csproj", "{F9249F09-92E8-444D-A8F4-3EEED2E710C0}"
EndProject
Global
	GlobalSection(SolutionConfigurationPlatforms) = preSolution
		Debug|Any CPU = Debug|Any CPU
		Release|Any CPU = Release|Any CPU
	EndGlobalSection
	GlobalSection(ProjectConfigurationPlatforms) = postSolution
		{625C7F78-1241-4D2B-9E01-3C41A96D5869}.Debug|Any CPU.ActiveCfg = Debug|Any CPU
		{625C7F78-1241-4D2B-9E01-3C41A96D5869}.Debug|Any CPU.Build.0 = Debug|Any CPU
		{625C7F78-1241-4D2B-9E01-3C41A96D5869}.Release|Any CPU.ActiveCfg = Release|Any CPU
		{625C7F78-1241-4D2B-9E01-3C41A96D5869}.Release|Any CPU.Build.0 = Release|Any CPU
		{AA636F7B-DCBD-4901-A5F8-3D38D0EA6E1C}.Debug|Any CPU.ActiveCfg = Debug|Any CPU
		{AA636F7B-DCBD-4901-A5F8-3D38D0EA6E1C}.Debug|Any CPU.Build.0 = Debug|Any CPU
		{AA636F7B-DCBD-4901-A5F8-3D38D0EA6E1C}.Release|Any CPU.ActiveCfg = Release|Any CPU
		{AA636F7B-DCBD-4901-A5F8-3D38D0EA6E1C}.Release|Any CPU.Build.0 = Release|Any CPU
		{F9249F09-92E8-444D-A8F4-3EEED2E710C0}.Debug|Any CPU.ActiveCfg = Debug|Any CPU
		{F9249F09-92E8-444D-A8F4-3EEED2E710C0}.Debug|Any CPU.Build.0 = Debug|Any CPU
		{F9249F09-92E8-444D-A8F4-3EEED2E710C0}.Release|Any CPU.ActiveCfg = Release|Any CPU
		{F9249F09-92E8-444D-A8F4-3EEED2E710C0}.Release|Any CPU.Build.0 = Release|Any CPU
	EndGlobalSection
	GlobalSection(SolutionProperties) = preSolution
		HideSolutionNode = FALSE
	EndGlobalSection
	GlobalSection(ExtensibilityGlobals) = postSolution
		SolutionGuid = {26D49D96-6BF4-4C0A-A4B2-9399B06A74CC}
	EndGlobalSection
EndGlobal
